
Microsoft Visual Studio Solution File, Format Version 12.00
# Visual Studio Version 17
VisualStudioVersion = 17.14.36221.1 d17.14
MinimumVisualStudioVersion = 10.0.40219.1
Project("{FAE04EC0-301F-11D3-BF4B-00C04F79EFBC}") = "SM64 RAM Address to ROM Address converter", "SM64 RAM Address to ROM Address converter\SM64 RAM Address to ROM Address converter.csproj", "{D116315E-5073-4601-A837-DE0AA0B53470}"
EndProject
Global
	GlobalSection(SolutionConfigurationPlatforms) = preSolution
		Debug|Any CPU = Debug|Any CPU
		Release|Any CPU = Release|Any CPU
	EndGlobalSection
	GlobalSection(ProjectConfigurationPlatforms) = postSolution
		{D116315E-5073-4601-A837-DE0AA0B53470}.Debug|Any CPU.ActiveCfg = Debug|Any CPU
		{D116315E-5073-4601-A837-DE0AA0B53470}.Debug|Any CPU.Build.0 = Debug|Any CPU
		{D116315E-5073-4601-A837-DE0AA0B53470}.Release|Any CPU.ActiveCfg = Release|Any CPU
		{D116315E-5073-4601-A837-DE0AA0B53470}.Release|Any CPU.Build.0 = Release|Any CPU
	EndGlobalSection
	GlobalSection(SolutionProperties) = preSolution
		HideSolutionNode = FALSE
	EndGlobalSection
	GlobalSection(ExtensibilityGlobals) = postSolution
		SolutionGuid = {C693F203-251C-4E46-90DE-77204DA692FD}
	EndGlobalSection
EndGlobal
